
Microsoft Visual Studio Solution File, Format Version 12.00
# Visual Studio Version 17
VisualStudioVersion = 17.14.36429.23 d17.14
MinimumVisualStudioVersion = 10.0.40219.1
Project("{FAE04EC0-301F-11D3-BF4B-00C04F79EFBC}") = "ManejoPresupuesto", "ManejoPresupuesto\ManejoPresupuesto.csproj", "{DAC4DF71-3FC5-4809-BB9B-412BEBF376CF}"
EndProject
Global
	GlobalSection(SolutionConfigurationPlatforms) = preSolution
		Debug|Any CPU = Debug|Any CPU
		Release|Any CPU = Release|Any CPU
	EndGlobalSection
	GlobalSection(ProjectConfigurationPlatforms) = postSolution
		{DAC4DF71-3FC5-4809-BB9B-412BEBF376CF}.Debug|Any CPU.ActiveCfg = Debug|Any CPU
		{DAC4DF71-3FC5-4809-BB9B-412BEBF376CF}.Debug|Any CPU.Build.0 = Debug|Any CPU
		{DAC4DF71-3FC5-4809-BB9B-412BEBF376CF}.Release|Any CPU.ActiveCfg = Release|Any CPU
		{DAC4DF71-3FC5-4809-BB9B-412BEBF376CF}.Release|Any CPU.Build.0 = Release|Any CPU
	EndGlobalSection
	GlobalSection(SolutionProperties) = preSolution
		HideSolutionNode = FALSE
	EndGlobalSection
	GlobalSection(ExtensibilityGlobals) = postSolution
		SolutionGuid = {8988CD84-0B1C-4019-8F81-AB06E6C90128}
	EndGlobalSection
EndGlobal
